
Microsoft Visual Studio Solution File, Format Version 12.00
# Visual Studio Version 16
VisualStudioVersion = 16.0.31129.286
MinimumVisualStudioVersion = 10.0.40219.1
Project("{9A19103F-16F7-4668-BE54-9A1E7A4F7556}") = "Trabalho_POTA_JukeBox", "Trabalho_POTA_JunkBox\Trabalho_POTA_JukeBox.csproj", "{4B932D12-7CD6-4381-B569-49A94F475E59}"
EndProject
Global
	GlobalSection(SolutionConfigurationPlatforms) = preSolution
		Debug|Any CPU = Debug|Any CPU
		Release|Any CPU = Release|Any CPU
	EndGlobalSection
	GlobalSection(ProjectConfigurationPlatforms) = postSolution
		{4B932D12-7CD6-4381-B569-49A94F475E59}.Debug|Any CPU.ActiveCfg = Debug|Any CPU
		{4B932D12-7CD6-4381-B569-49A94F475E59}.Debug|Any CPU.Build.0 = Debug|Any CPU
		{4B932D12-7CD6-4381-B569-49A94F475E59}.Release|Any CPU.ActiveCfg = Release|Any CPU
		{4B932D12-7CD6-4381-B569-49A94F475E59}.Release|Any CPU.Build.0 = Release|Any CPU
	EndGlobalSection
	GlobalSection(SolutionProperties) = preSolution
		HideSolutionNode = FALSE
	EndGlobalSection
	GlobalSection(ExtensibilityGlobals) = postSolution
		SolutionGuid = {A1CFD1B2-EDB7-40EC-A0AA-A6607A033376}
	EndGlobalSection
EndGlobal
